dependencies:
- name: pgvector
  repository: https://rh-ai-quickstart.github.io/ai-architecture-charts
  version: 0.5.5
- name: llama-stack
  repository: https://rh-ai-quickstart.github.io/ai-architecture-charts
  version: 0.8.5
- name: llm-service
  repository: https://rh-ai-quickstart.github.io/ai-architecture-charts
  version: 0.5.9
digest: sha256:6deb8bd1813533b392b4f361ef3b9f05f2da97e39413138b73d1f59a2b7aea3c
generated: "2026-06-10T11:52:51.086139-05:00"
