dependencies:
- name: pgvector
  repository: https://rh-ai-quickstart.github.io/ai-architecture-charts
  version: 0.5.5
- name: llama-stack
  repository: https://rh-ai-quickstart.github.io/ai-architecture-charts
  version: 0.8.5
- name: llm-service
  repository: https://rh-ai-quickstart.github.io/ai-architecture-charts
  version: 0.5.9
- name: general-simulation
  repository: file://../../general-simulation/deploy/helm/general-simulation
  version: 0.1.0
digest: sha256:5059b714c576c189860994de9070c1289759121e088838b274ed403c69f8c87f
generated: "2026-08-05T16:41:58.403644-04:00"
